
Microsoft Visual Studio Solution File, Format Version 12.00
# Visual Studio Version 17
VisualStudioVersion = 17.13.35828.75 d17.13
MinimumVisualStudioVersion = 10.0.40219.1
Project("{FAE04EC0-301F-11D3-BF4B-00C04F79EFBC}") = "QueueOperator", "QueueOperator\QueueOperator.csproj", "{7ECB5CDA-C3D6-442D-9A54-FAFB961D1157}"
EndProject
Global
	GlobalSection(SolutionConfigurationPlatforms) = preSolution
		Debug|Any CPU = Debug|Any CPU
		Release|Any CPU = Release|Any CPU
	EndGlobalSection
	GlobalSection(ProjectConfigurationPlatforms) = postSolution
		{7ECB5CDA-C3D6-442D-9A54-FAFB961D1157}.Debug|Any CPU.ActiveCfg = Debug|Any CPU
		{7ECB5CDA-C3D6-442D-9A54-FAFB961D1157}.Debug|Any CPU.Build.0 = Debug|Any CPU
		{7ECB5CDA-C3D6-442D-9A54-FAFB961D1157}.Release|Any CPU.ActiveCfg = Release|Any CPU
		{7ECB5CDA-C3D6-442D-9A54-FAFB961D1157}.Release|Any CPU.Build.0 = Release|Any CPU
	EndGlobalSection
	GlobalSection(SolutionProperties) = preSolution
		HideSolutionNode = FALSE
	EndGlobalSection
	GlobalSection(ExtensibilityGlobals) = postSolution
		SolutionGuid = {73388650-2DBA-4197-9DC6-54ADB4F7944C}
	EndGlobalSection
EndGlobal
